
Microsoft Visual Studio Solution File, Format Version 12.00
# Visual Studio Version 17
VisualStudioVersion = 17.5.2.0
MinimumVisualStudioVersion = 10.0.40219.1
Project("{FAE04EC0-301F-11D3-BF4B-00C04F79EFBC}") = "myfirstapp", "myfirstapp.csproj", "{581A8C9E-6C7C-3F6B-55D3-19AFBC861F13}"
EndProject
Project("{FAE04EC0-301F-11D3-BF4B-00C04F79EFBC}") = "myfirstapp.Tests", "myfirstapp.Tests\myfirstapp.Tests.csproj", "{11E85BD6-0E9C-4F38-89EA-3F64F59E9554}"
EndProject
Global
	GlobalSection(SolutionConfigurationPlatforms) = preSolution
		Debug|Any CPU = Debug|Any CPU
		Debug|x64 = Debug|x64
		Debug|x86 = Debug|x86
		Release|Any CPU = Release|Any CPU
		Release|x64 = Release|x64
		Release|x86 = Release|x86
	EndGlobalSection
	GlobalSection(ProjectConfigurationPlatforms) = postSolution
		{581A8C9E-6C7C-3F6B-55D3-19AFBC861F13}.Debug|Any CPU.ActiveCfg = Debug|Any CPU
		{581A8C9E-6C7C-3F6B-55D3-19AFBC861F13}.Debug|Any CPU.Build.0 = Debug|Any CPU
		{581A8C9E-6C7C-3F6B-55D3-19AFBC861F13}.Debug|x64.ActiveCfg = Debug|Any CPU
		{581A8C9E-6C7C-3F6B-55D3-19AFBC861F13}.Debug|x64.Build.0 = Debug|Any CPU
		{581A8C9E-6C7C-3F6B-55D3-19AFBC861F13}.Debug|x86.ActiveCfg = Debug|Any CPU
		{581A8C9E-6C7C-3F6B-55D3-19AFBC861F13}.Debug|x86.Build.0 = Debug|Any CPU
		{581A8C9E-6C7C-3F6B-55D3-19AFBC861F13}.Release|Any CPU.ActiveCfg = Release|Any CPU
		{581A8C9E-6C7C-3F6B-55D3-19AFBC861F13}.Release|Any CPU.Build.0 = Release|Any CPU
		{581A8C9E-6C7C-3F6B-55D3-19AFBC861F13}.Release|x64.ActiveCfg = Release|Any CPU
		{581A8C9E-6C7C-3F6B-55D3-19AFBC861F13}.Release|x64.Build.0 = Release|Any CPU
		{581A8C9E-6C7C-3F6B-55D3-19AFBC861F13}.Release|x86.ActiveCfg = Release|Any CPU
		{581A8C9E-6C7C-3F6B-55D3-19AFBC861F13}.Release|x86.Build.0 = Release|Any CPU
		{11E85BD6-0E9C-4F38-89EA-3F64F59E9554}.Debug|Any CPU.ActiveCfg = Debug|Any CPU
		{11E85BD6-0E9C-4F38-89EA-3F64F59E9554}.Debug|Any CPU.Build.0 = Debug|Any CPU
		{11E85BD6-0E9C-4F38-89EA-3F64F59E9554}.Debug|x64.ActiveCfg = Debug|Any CPU
		{11E85BD6-0E9C-4F38-89EA-3F64F59E9554}.Debug|x64.Build.0 = Debug|Any CPU
		{11E85BD6-0E9C-4F38-89EA-3F64F59E9554}.Debug|x86.ActiveCfg = Debug|Any CPU
		{11E85BD6-0E9C-4F38-89EA-3F64F59E9554}.Debug|x86.Build.0 = Debug|Any CPU
		{11E85BD6-0E9C-4F38-89EA-3F64F59E9554}.Release|Any CPU.ActiveCfg = Release|Any CPU
		{11E85BD6-0E9C-4F38-89EA-3F64F59E9554}.Release|Any CPU.Build.0 = Release|Any CPU
		{11E85BD6-0E9C-4F38-89EA-3F64F59E9554}.Release|x64.ActiveCfg = Release|Any CPU
		{11E85BD6-0E9C-4F38-89EA-3F64F59E9554}.Release|x64.Build.0 = Release|Any CPU
		{11E85BD6-0E9C-4F38-89EA-3F64F59E9554}.Release|x86.ActiveCfg = Release|Any CPU
		{11E85BD6-0E9C-4F38-89EA-3F64F59E9554}.Release|x86.Build.0 = Release|Any CPU
	EndGlobalSection
	GlobalSection(SolutionProperties) = preSolution
		HideSolutionNode = FALSE
	EndGlobalSection
	GlobalSection(ExtensibilityGlobals) = postSolution
		SolutionGuid = {DD8DCF02-93DB-4CFB-9B3C-B40A02DCBA0B}
	EndGlobalSection
EndGlobal
